
Microsoft Visual Studio Solution File, Format Version 12.00
# Visual Studio Version 16
VisualStudioVersion = 16.0.31112.23
MinimumVisualStudioVersion = 10.0.40219.1
Project("{FAE04EC0-301F-11D3-BF4B-00C04F79EFBC}") = "ASPNET_ SQL_WEB-API", "ASPNET_ SQL_WEB-API\ASPNET_ SQL_WEB-API.csproj", "{8B1A0A16-5204-4810-A8AE-6B8CD04AB94C}"
EndProject
Global
	GlobalSection(SolutionConfigurationPlatforms) = preSolution
		Debug|Any CPU = Debug|Any CPU
		Release|Any CPU = Release|Any CPU
	EndGlobalSection
	GlobalSection(ProjectConfigurationPlatforms) = postSolution
		{8B1A0A16-5204-4810-A8AE-6B8CD04AB94C}.Debug|Any CPU.ActiveCfg = Debug|Any CPU
		{8B1A0A16-5204-4810-A8AE-6B8CD04AB94C}.Debug|Any CPU.Build.0 = Debug|Any CPU
		{8B1A0A16-5204-4810-A8AE-6B8CD04AB94C}.Release|Any CPU.ActiveCfg = Release|Any CPU
		{8B1A0A16-5204-4810-A8AE-6B8CD04AB94C}.Release|Any CPU.Build.0 = Release|Any CPU
	EndGlobalSection
	GlobalSection(SolutionProperties) = preSolution
		HideSolutionNode = FALSE
	EndGlobalSection
	GlobalSection(ExtensibilityGlobals) = postSolution
		SolutionGuid = {55FF3BDC-0232-4D39-9B06-9AAE6642FB1A}
	EndGlobalSection
EndGlobal
